
Microsoft Visual Studio Solution File, Format Version 12.00
# Visual Studio Version 17
VisualStudioVersion = 17.4.33110.190
MinimumVisualStudioVersion = 10.0.40219.1
Project("{FAE04EC0-301F-11D3-BF4B-00C04F79EFBC}") = "ByteBank0001", "ByteBank0001\ByteBank0001.csproj", "{0911C68F-B5E4-4370-AB36-609973E01B42}"
EndProject
Global
	GlobalSection(SolutionConfigurationPlatforms) = preSolution
		Debug|Any CPU = Debug|Any CPU
		Release|Any CPU = Release|Any CPU
	EndGlobalSection
	GlobalSection(ProjectConfigurationPlatforms) = postSolution
		{0911C68F-B5E4-4370-AB36-609973E01B42}.Debug|Any CPU.ActiveCfg = Debug|Any CPU
		{0911C68F-B5E4-4370-AB36-609973E01B42}.Debug|Any CPU.Build.0 = Debug|Any CPU
		{0911C68F-B5E4-4370-AB36-609973E01B42}.Release|Any CPU.ActiveCfg = Release|Any CPU
		{0911C68F-B5E4-4370-AB36-609973E01B42}.Release|Any CPU.Build.0 = Release|Any CPU
	EndGlobalSection
	GlobalSection(SolutionProperties) = preSolution
		HideSolutionNode = FALSE
	EndGlobalSection
	GlobalSection(ExtensibilityGlobals) = postSolution
		SolutionGuid = {5D5626AF-1638-46AD-BB53-8E6A7C2F7B07}
	EndGlobalSection
EndGlobal
